
Microsoft Visual Studio Solution File, Format Version 12.00
# Visual Studio Version 16
VisualStudioVersion = 16.0.31129.286
MinimumVisualStudioVersion = 10.0.40219.1
Project("{FAE04EC0-301F-11D3-BF4B-00C04F79EFBC}") = "KullaniciYonetimiIdentity", "KullaniciYonetimiIdentity\KullaniciYonetimiIdentity.csproj", "{98B390DC-C903-4E0C-AAF9-358CD299B79B}"
EndProject
Global
	GlobalSection(SolutionConfigurationPlatforms) = preSolution
		Debug|Any CPU = Debug|Any CPU
		Release|Any CPU = Release|Any CPU
	EndGlobalSection
	GlobalSection(ProjectConfigurationPlatforms) = postSolution
		{98B390DC-C903-4E0C-AAF9-358CD299B79B}.Debug|Any CPU.ActiveCfg = Debug|Any CPU
		{98B390DC-C903-4E0C-AAF9-358CD299B79B}.Debug|Any CPU.Build.0 = Debug|Any CPU
		{98B390DC-C903-4E0C-AAF9-358CD299B79B}.Release|Any CPU.ActiveCfg = Release|Any CPU
		{98B390DC-C903-4E0C-AAF9-358CD299B79B}.Release|Any CPU.Build.0 = Release|Any CPU
	EndGlobalSection
	GlobalSection(SolutionProperties) = preSolution
		HideSolutionNode = FALSE
	EndGlobalSection
	GlobalSection(ExtensibilityGlobals) = postSolution
		SolutionGuid = {A3667D05-4140-4BAF-8787-EC60703CD7C4}
	EndGlobalSection
EndGlobal
